{
  "object": {
    "pins": [
      {
        "package": "MapstedCore",
        "repositoryURL": "https://github.com/Mapsted/mapsted-sdk-core-spm",
        "state": {
          "branch": null,
          "revision": "c65b1c861655f873df5260c8d26c15e19d1425a9",
          "version": "4.6.2"
        }
      }
    ]
  },
  "version": 1
}
